{
    "requires": true,
    "lockfileVersion": 1,
    "dependencies": {
        "axios": {
            "version": "0.17.1",
            "resolved": "https://registry.npmjs.org/axios/-/axios-0.17.1.tgz",
            "integrity": "sha1-LY4+XQvb1zJ/kbyBT1xXZg+Bgk0=",
            "dev": true
        },
        "bootstrap-sass": {
            "version": "3.3.7",
            "resolved": "https://registry.npmjs.org/bootstrap-sass/-/bootstrap-sass-3.3.7.tgz",
            "integrity": "sha1-ZZbHq0D2Y3OTMjqwvIDQZPxjBJg=",
            "dev": true
        },
        "cross-env": {
            "version": "5.1.4",
            "resolved": "https://registry.npmjs.org/cross-env/-/cross-env-5.1.4.tgz",
            "integrity": "sha512-Mx8mw6JWhfpYoEk7PGvHxJMLQwQHORAs8+2bX+C1lGQ4h3GkDb1zbzC2Nw85YH9ZQMlO0BHZxMacgrfPmMFxbg==",
            "dev": true
        },
        "jquery": {
            "version": "3.5.0",
            "resolved": "https://registry.npmjs.org/jquery/-/jquery-3.5.0.tgz",
            "integrity": "sha512-Xb7SVYMvygPxbFMpTFQiHh1J7HClEaThguL15N/Gg37Lri/qKyhRGZYzHRyLH8Stq3Aow0LsHO2O2ci86fCrNQ==",
            "dev": true
        },
        "laravel-mix": {
            "version": "1.7.2",
            "resolved": "https://registry.npmjs.org/laravel-mix/-/laravel-mix-1.7.2.tgz",
            "integrity": "sha512-La1eAsCkEdySc9J9MJ/g8Dj1EfGo7aXW92GZKoSbrSg4uQWNNoV824e6+o4f4Eo/YWYrYwZTkdnWJJ1uVqP+dw==",
            "dev": true
        },
        "lodash": {
            "version": "4.17.5",
            "resolved": "https://registry.npmjs.org/lodash/-/lodash-4.17.5.tgz",
            "integrity": "sha512-svL3uiZf1RwhH+cWrfZn3A4+U58wbP0tGVTLQPbjplZxZ8ROD9VLuNgsRniTlLe7OlSqR79RUehXgpBW/s0IQw==",
            "dev": true
        },
        "vue": {
            "version": "2.5.16",
            "resolved": "https://registry.npmjs.org/vue/-/vue-2.5.16.tgz",
            "integrity": "sha512-/ffmsiVuPC8PsWcFkZngdpas19ABm5mh2wA7iDqcltyCTwlgZjHGeJYOXkBMo422iPwIcviOtrTCUpSfXmToLQ==",
            "dev": true
        }
    }
}
